
Microsoft Visual Studio Solution File, Format Version 12.00
# Visual Studio Version 17
VisualStudioVersion = 17.1.32319.34
MinimumVisualStudioVersion = 10.0.40219.1
Project("{FAE04EC0-301F-11D3-BF4B-00C04F79EFBC}") = "Features", "Features\Features.csproj", "{07451D23-BE49-4E2F-BB2D-AC38E9995CDC}"
EndProject
Global
	GlobalSection(SolutionConfigurationPlatforms) = preSolution
		Debug|Any CPU = Debug|Any CPU
		Debug|x86 = Debug|x86
		Release|Any CPU = Release|Any CPU
		Release|x86 = Release|x86
	EndGlobalSection
	GlobalSection(ProjectConfigurationPlatforms) = postSolution
		{07451D23-BE49-4E2F-BB2D-AC38E9995CDC}.Debug|Any CPU.ActiveCfg = Debug|Any CPU
		{07451D23-BE49-4E2F-BB2D-AC38E9995CDC}.Debug|Any CPU.Build.0 = Debug|Any CPU
		{07451D23-BE49-4E2F-BB2D-AC38E9995CDC}.Debug|x86.ActiveCfg = Debug|x86
		{07451D23-BE49-4E2F-BB2D-AC38E9995CDC}.Debug|x86.Build.0 = Debug|x86
		{07451D23-BE49-4E2F-BB2D-AC38E9995CDC}.Release|Any CPU.ActiveCfg = Release|Any CPU
		{07451D23-BE49-4E2F-BB2D-AC38E9995CDC}.Release|Any CPU.Build.0 = Release|Any CPU
		{07451D23-BE49-4E2F-BB2D-AC38E9995CDC}.Release|x86.ActiveCfg = Release|x86
		{07451D23-BE49-4E2F-BB2D-AC38E9995CDC}.Release|x86.Build.0 = Release|x86
	EndGlobalSection
	GlobalSection(SolutionProperties) = preSolution
		HideSolutionNode = FALSE
	EndGlobalSection
	GlobalSection(ExtensibilityGlobals) = postSolution
		SolutionGuid = {12DDCE5C-6EC3-4E56-AFA9-F5DE164519F2}
	EndGlobalSection
EndGlobal
